
Microsoft Visual Studio Solution File, Format Version 12.00
# Visual Studio Version 17
VisualStudioVersion = 17.5.33627.172
MinimumVisualStudioVersion = 10.0.40219.1
Project("{9A19103F-16F7-4668-BE54-9A1E7A4F7556}") = "ErpApi.WebAPI", "src\ErpApi.WebAPI\ErpApi.WebAPI.csproj", "{37C641F5-4D16-418E-81CB-2366FFB3463B}"
EndProject
Project("{9A19103F-16F7-4668-BE54-9A1E7A4F7556}") = "ErpApi.Domain", "src\ErpApi.Domain\ErpApi.Domain.csproj", "{CBEE8A21-88D4-4E89-BA50-B6FD14D26598}"
EndProject
Project("{2150E333-8FDC-42A3-9474-1A3956D46DE8}") = "Solution Items", "Solution Items", "{D6D50A0D-A442-452A-926E-4D1A7DF36B22}"
	ProjectSection(SolutionItems) = preProject
		utl\DatabaseInitializationAndUsefulQueries.sql = utl\DatabaseInitializationAndUsefulQueries.sql
		LICENSE = LICENSE
		README.md = README.md
	EndProjectSection
EndProject
Project("{9A19103F-16F7-4668-BE54-9A1E7A4F7556}") = "ErpApi.Infra.Data.SqlServerDatabase", "src\ErpApi.Infra.Data.SqlServerDatabase\ErpApi.Infra.Data.SqlServerDatabase.csproj", "{43062EC0-AC90-4008-8BE0-3932AA5397DE}"
EndProject
Project("{9A19103F-16F7-4668-BE54-9A1E7A4F7556}") = "ErpApi.Tests.IntegrationTests", "tst\ErpApi.Tests.IntegrationTests\ErpApi.Tests.IntegrationTests.csproj", "{F040D8F3-4565-4D51-BC7F-62CA7DDFAB13}"
EndProject
Project("{9A19103F-16F7-4668-BE54-9A1E7A4F7556}") = "ErpApi.Infra.CrossCutting", "src\ErpApi.Infra.CrossCutting\ErpApi.Infra.CrossCutting.csproj", "{706AF7E3-D589-4210-BC62-3D32412ED968}"
EndProject
Project("{9A19103F-16F7-4668-BE54-9A1E7A4F7556}") = "ErpApi.Service", "src\ErpApi.Service\ErpApi.Service.csproj", "{1793FB45-7F06-4EF5-9754-3B285A44B122}"
EndProject
Project("{FAE04EC0-301F-11D3-BF4B-00C04F79EFBC}") = "ErpApi.Tests.UnitTests", "tst\ErpApi.Tests.UnitTests\ErpApi.Tests.UnitTests.csproj", "{6810AB8C-815B-4473-ACBF-76F26F38B8A4}"
EndProject
Project("{2150E333-8FDC-42A3-9474-1A3956D46DE8}") = "src", "src", "{8DD0BE77-A65A-476F-B759-A4DAD5422642}"
EndProject
Project("{2150E333-8FDC-42A3-9474-1A3956D46DE8}") = "tst", "tst", "{5189C9B7-B144-4976-BBC8-36E3B221A409}"
EndProject
Global
	GlobalSection(SolutionConfigurationPlatforms) = preSolution
		Debug|Any CPU = Debug|Any CPU
		Release|Any CPU = Release|Any CPU
	EndGlobalSection
	GlobalSection(ProjectConfigurationPlatforms) = postSolution
		{37C641F5-4D16-418E-81CB-2366FFB3463B}.Debug|Any CPU.ActiveCfg = Debug|Any CPU
		{37C641F5-4D16-418E-81CB-2366FFB3463B}.Debug|Any CPU.Build.0 = Debug|Any CPU
		{37C641F5-4D16-418E-81CB-2366FFB3463B}.Release|Any CPU.ActiveCfg = Release|Any CPU
		{37C641F5-4D16-418E-81CB-2366FFB3463B}.Release|Any CPU.Build.0 = Release|Any CPU
		{CBEE8A21-88D4-4E89-BA50-B6FD14D26598}.Debug|Any CPU.ActiveCfg = Debug|Any CPU
		{CBEE8A21-88D4-4E89-BA50-B6FD14D26598}.Debug|Any CPU.Build.0 = Debug|Any CPU
		{CBEE8A21-88D4-4E89-BA50-B6FD14D26598}.Release|Any CPU.ActiveCfg = Release|Any CPU
		{CBEE8A21-88D4-4E89-BA50-B6FD14D26598}.Release|Any CPU.Build.0 = Release|Any CPU
		{43062EC0-AC90-4008-8BE0-3932AA5397DE}.Debug|Any CPU.ActiveCfg = Debug|Any CPU
		{43062EC0-AC90-4008-8BE0-3932AA5397DE}.Debug|Any CPU.Build.0 = Debug|Any CPU
		{43062EC0-AC90-4008-8BE0-3932AA5397DE}.Release|Any CPU.ActiveCfg = Release|Any CPU
		{43062EC0-AC90-4008-8BE0-3932AA5397DE}.Release|Any CPU.Build.0 = Release|Any CPU
		{F040D8F3-4565-4D51-BC7F-62CA7DDFAB13}.Debug|Any CPU.ActiveCfg = Debug|Any CPU
		{F040D8F3-4565-4D51-BC7F-62CA7DDFAB13}.Debug|Any CPU.Build.0 = Debug|Any CPU
		{F040D8F3-4565-4D51-BC7F-62CA7DDFAB13}.Release|Any CPU.ActiveCfg = Release|Any CPU
		{F040D8F3-4565-4D51-BC7F-62CA7DDFAB13}.Release|Any CPU.Build.0 = Release|Any CPU
		{706AF7E3-D589-4210-BC62-3D32412ED968}.Debug|Any CPU.ActiveCfg = Debug|Any CPU
		{706AF7E3-D589-4210-BC62-3D32412ED968}.Debug|Any CPU.Build.0 = Debug|Any CPU
		{706AF7E3-D589-4210-BC62-3D32412ED968}.Release|Any CPU.ActiveCfg = Release|Any CPU
		{706AF7E3-D589-4210-BC62-3D32412ED968}.Release|Any CPU.Build.0 = Release|Any CPU
		{1793FB45-7F06-4EF5-9754-3B285A44B122}.Debug|Any CPU.ActiveCfg = Debug|Any CPU
		{1793FB45-7F06-4EF5-9754-3B285A44B122}.Debug|Any CPU.Build.0 = Debug|Any CPU
		{1793FB45-7F06-4EF5-9754-3B285A44B122}.Release|Any CPU.ActiveCfg = Release|Any CPU
		{1793FB45-7F06-4EF5-9754-3B285A44B122}.Release|Any CPU.Build.0 = Release|Any CPU
		{6810AB8C-815B-4473-ACBF-76F26F38B8A4}.Debug|Any CPU.ActiveCfg = Debug|Any CPU
		{6810AB8C-815B-4473-ACBF-76F26F38B8A4}.Debug|Any CPU.Build.0 = Debug|Any CPU
		{6810AB8C-815B-4473-ACBF-76F26F38B8A4}.Release|Any CPU.ActiveCfg = Release|Any CPU
		{6810AB8C-815B-4473-ACBF-76F26F38B8A4}.Release|Any CPU.Build.0 = Release|Any CPU
	EndGlobalSection
	GlobalSection(SolutionProperties) = preSolution
		HideSolutionNode = FALSE
	EndGlobalSection
	GlobalSection(NestedProjects) = preSolution
		{37C641F5-4D16-418E-81CB-2366FFB3463B} = {8DD0BE77-A65A-476F-B759-A4DAD5422642}
		{CBEE8A21-88D4-4E89-BA50-B6FD14D26598} = {8DD0BE77-A65A-476F-B759-A4DAD5422642}
		{43062EC0-AC90-4008-8BE0-3932AA5397DE} = {8DD0BE77-A65A-476F-B759-A4DAD5422642}
		{F040D8F3-4565-4D51-BC7F-62CA7DDFAB13} = {5189C9B7-B144-4976-BBC8-36E3B221A409}
		{706AF7E3-D589-4210-BC62-3D32412ED968} = {8DD0BE77-A65A-476F-B759-A4DAD5422642}
		{1793FB45-7F06-4EF5-9754-3B285A44B122} = {8DD0BE77-A65A-476F-B759-A4DAD5422642}
		{6810AB8C-815B-4473-ACBF-76F26F38B8A4} = {5189C9B7-B144-4976-BBC8-36E3B221A409}
	EndGlobalSection
	GlobalSection(ExtensibilityGlobals) = postSolution
		SolutionGuid = {C230A606-4F71-499F-870A-99363A1BAD48}
	EndGlobalSection
EndGlobal
