
Microsoft Visual Studio Solution File, Format Version 12.00
# Visual Studio Version 17
VisualStudioVersion = 17.5.33627.172
MinimumVisualStudioVersion = 10.0.40219.1
Project("{9A19103F-16F7-4668-BE54-9A1E7A4F7556}") = "ErpBackend.WebAPI", "src\ErpBackend.WebAPI\ErpBackend.WebAPI.csproj", "{37C641F5-4D16-418E-81CB-2366FFB3463B}"
EndProject
Project("{9A19103F-16F7-4668-BE54-9A1E7A4F7556}") = "ErpBackend.Domain", "src\ErpBackend.Domain\ErpBackend.Domain.csproj", "{CBEE8A21-88D4-4E89-BA50-B6FD14D26598}"
EndProject
Project("{2150E333-8FDC-42A3-9474-1A3956D46DE8}") = "Solution Items", "Solution Items", "{D6D50A0D-A442-452A-926E-4D1A7DF36B22}"
	ProjectSection(SolutionItems) = preProject
		utl\DatabaseInitializationAndUsefulQueries.sql = utl\DatabaseInitializationAndUsefulQueries.sql
		LICENSE = LICENSE
		README.md = README.md
	EndProjectSection
EndProject
Project("{9A19103F-16F7-4668-BE54-9A1E7A4F7556}") = "ErpBackend.Infra.Data.SqlServerDatabase", "src\ErpBackend.Infra.Data.SqlServerDatabase\ErpBackend.Infra.Data.SqlServerDatabase.csproj", "{43062EC0-AC90-4008-8BE0-3932AA5397DE}"
EndProject
Project("{9A19103F-16F7-4668-BE54-9A1E7A4F7556}") = "ErpBackend.WebAPI.Tests", "tst\ErpBackend.WebAPI.Tests\ErpBackend.WebAPI.Tests.csproj", "{F040D8F3-4565-4D51-BC7F-62CA7DDFAB13}"
EndProject
Project("{9A19103F-16F7-4668-BE54-9A1E7A4F7556}") = "ErpBackend.Infra.CrossCutting", "src\ErpBackend.Infra.CrossCutting\ErpBackend.Infra.CrossCutting.csproj", "{706AF7E3-D589-4210-BC62-3D32412ED968}"
EndProject
Project("{FAE04EC0-301F-11D3-BF4B-00C04F79EFBC}") = "ErpBackend.Service", "src\ErpBackend.Service\ErpBackend.Service.csproj", "{1793FB45-7F06-4EF5-9754-3B285A44B122}"
EndProject
Global
	GlobalSection(SolutionConfigurationPlatforms) = preSolution
		Debug|Any CPU = Debug|Any CPU
		Release|Any CPU = Release|Any CPU
	EndGlobalSection
	GlobalSection(ProjectConfigurationPlatforms) = postSolution
		{37C641F5-4D16-418E-81CB-2366FFB3463B}.Debug|Any CPU.ActiveCfg = Debug|Any CPU
		{37C641F5-4D16-418E-81CB-2366FFB3463B}.Debug|Any CPU.Build.0 = Debug|Any CPU
		{37C641F5-4D16-418E-81CB-2366FFB3463B}.Release|Any CPU.ActiveCfg = Release|Any CPU
		{37C641F5-4D16-418E-81CB-2366FFB3463B}.Release|Any CPU.Build.0 = Release|Any CPU
		{CBEE8A21-88D4-4E89-BA50-B6FD14D26598}.Debug|Any CPU.ActiveCfg = Debug|Any CPU
		{CBEE8A21-88D4-4E89-BA50-B6FD14D26598}.Debug|Any CPU.Build.0 = Debug|Any CPU
		{CBEE8A21-88D4-4E89-BA50-B6FD14D26598}.Release|Any CPU.ActiveCfg = Release|Any CPU
		{CBEE8A21-88D4-4E89-BA50-B6FD14D26598}.Release|Any CPU.Build.0 = Release|Any CPU
		{43062EC0-AC90-4008-8BE0-3932AA5397DE}.Debug|Any CPU.ActiveCfg = Debug|Any CPU
		{43062EC0-AC90-4008-8BE0-3932AA5397DE}.Debug|Any CPU.Build.0 = Debug|Any CPU
		{43062EC0-AC90-4008-8BE0-3932AA5397DE}.Release|Any CPU.ActiveCfg = Release|Any CPU
		{43062EC0-AC90-4008-8BE0-3932AA5397DE}.Release|Any CPU.Build.0 = Release|Any CPU
		{F040D8F3-4565-4D51-BC7F-62CA7DDFAB13}.Debug|Any CPU.ActiveCfg = Debug|Any CPU
		{F040D8F3-4565-4D51-BC7F-62CA7DDFAB13}.Debug|Any CPU.Build.0 = Debug|Any CPU
		{F040D8F3-4565-4D51-BC7F-62CA7DDFAB13}.Release|Any CPU.ActiveCfg = Release|Any CPU
		{F040D8F3-4565-4D51-BC7F-62CA7DDFAB13}.Release|Any CPU.Build.0 = Release|Any CPU
		{706AF7E3-D589-4210-BC62-3D32412ED968}.Debug|Any CPU.ActiveCfg = Debug|Any CPU
		{706AF7E3-D589-4210-BC62-3D32412ED968}.Debug|Any CPU.Build.0 = Debug|Any CPU
		{706AF7E3-D589-4210-BC62-3D32412ED968}.Release|Any CPU.ActiveCfg = Release|Any CPU
		{706AF7E3-D589-4210-BC62-3D32412ED968}.Release|Any CPU.Build.0 = Release|Any CPU
		{1793FB45-7F06-4EF5-9754-3B285A44B122}.Debug|Any CPU.ActiveCfg = Debug|Any CPU
		{1793FB45-7F06-4EF5-9754-3B285A44B122}.Debug|Any CPU.Build.0 = Debug|Any CPU
		{1793FB45-7F06-4EF5-9754-3B285A44B122}.Release|Any CPU.ActiveCfg = Release|Any CPU
		{1793FB45-7F06-4EF5-9754-3B285A44B122}.Release|Any CPU.Build.0 = Release|Any CPU
	EndGlobalSection
	GlobalSection(SolutionProperties) = preSolution
		HideSolutionNode = FALSE
	EndGlobalSection
	GlobalSection(ExtensibilityGlobals) = postSolution
		SolutionGuid = {C230A606-4F71-499F-870A-99363A1BAD48}
	EndGlobalSection
EndGlobal
