
Microsoft Visual Studio Solution File, Format Version 12.00
# Visual Studio Version 17
VisualStudioVersion = 17.5.33627.172
MinimumVisualStudioVersion = 10.0.40219.1
Project("{FAE04EC0-301F-11D3-BF4B-00C04F79EFBC}") = "WebAPI", "WebAPI\WebAPI.csproj", "{37C641F5-4D16-418E-81CB-2366FFB3463B}"
EndProject
Project("{FAE04EC0-301F-11D3-BF4B-00C04F79EFBC}") = "Domain", "Domain\Domain.csproj", "{CBEE8A21-88D4-4E89-BA50-B6FD14D26598}"
EndProject
Project("{2150E333-8FDC-42A3-9474-1A3956D46DE8}") = "Solution Items", "Solution Items", "{D6D50A0D-A442-452A-926E-4D1A7DF36B22}"
	ProjectSection(SolutionItems) = preProject
		..\..\README.md = ..\..\README.md
	EndProjectSection
EndProject
Global
	GlobalSection(SolutionConfigurationPlatforms) = preSolution
		Debug|Any CPU = Debug|Any CPU
		Release|Any CPU = Release|Any CPU
	EndGlobalSection
	GlobalSection(ProjectConfigurationPlatforms) = postSolution
		{37C641F5-4D16-418E-81CB-2366FFB3463B}.Debug|Any CPU.ActiveCfg = Debug|Any CPU
		{37C641F5-4D16-418E-81CB-2366FFB3463B}.Debug|Any CPU.Build.0 = Debug|Any CPU
		{37C641F5-4D16-418E-81CB-2366FFB3463B}.Release|Any CPU.ActiveCfg = Release|Any CPU
		{37C641F5-4D16-418E-81CB-2366FFB3463B}.Release|Any CPU.Build.0 = Release|Any CPU
		{CBEE8A21-88D4-4E89-BA50-B6FD14D26598}.Debug|Any CPU.ActiveCfg = Debug|Any CPU
		{CBEE8A21-88D4-4E89-BA50-B6FD14D26598}.Debug|Any CPU.Build.0 = Debug|Any CPU
		{CBEE8A21-88D4-4E89-BA50-B6FD14D26598}.Release|Any CPU.ActiveCfg = Release|Any CPU
		{CBEE8A21-88D4-4E89-BA50-B6FD14D26598}.Release|Any CPU.Build.0 = Release|Any CPU
	EndGlobalSection
	GlobalSection(SolutionProperties) = preSolution
		HideSolutionNode = FALSE
	EndGlobalSection
	GlobalSection(ExtensibilityGlobals) = postSolution
		SolutionGuid = {C230A606-4F71-499F-870A-99363A1BAD48}
	EndGlobalSection
EndGlobal
